{
  "name": "hg",
  "version": "1.0.0",
  "lockfileVersion": 3,
  "requires": true,
  "packages": {
    "": {
      "name": "hg",
      "version": "1.0.0",
      "license": "ISC",
      "dependencies": {
        "@graphql-mesh/transport-http": "^1.0.11"
      }
    },
    "node_modules/@envelop/core": {
      "version": "5.4.0",
      "resolved": "https://registry.npmjs.org/@envelop/core/-/core-5.4.0.tgz",
      "integrity": "sha512-/1fat63pySE8rw/dZZArEVytLD90JApY85deDJ0/34gm+yhQ3k70CloSUevxoOE4YCGveG3s9SJJfQeeB4NAtQ==",
      "license": "MIT",
      "dependencies": {
        "@envelop/instrumentation": "^1.0.0",
        "@envelop/types": "^5.2.1",
        "@whatwg-node/promise-helpers": "^1.2.4",
        "tslib": "^2.5.0"
      },
      "engines": {
        "node": ">=18.0.0"
      }
    },
    "node_modules/@envelop/instrumentation": {
      "version": "1.0.0",
      "resolved": "https://registry.npmjs.org/@envelop/instrumentation/-/instrumentation-1.0.0.tgz",
      "integrity": "sha512-cxgkB66RQB95H3X27jlnxCRNTmPuSTgmBAq6/4n2Dtv4hsk4yz8FadA1ggmd0uZzvKqWD6CR+WFgTjhDqg7eyw==",
      "license": "MIT",
      "dependencies": {
        "@whatwg-node/promise-helpers": "^1.2.1",
        "tslib": "^2.5.0"
      },
      "engines": {
        "node": ">=18.0.0"
      }
    },
    "node_modules/@envelop/types": {
      "version": "5.2.1",
      "resolved": "https://registry.npmjs.org/@envelop/types/-/types-5.2.1.tgz",
      "integrity": "sha512-CsFmA3u3c2QoLDTfEpGr4t25fjMU31nyvse7IzWTvb0ZycuPjMjb0fjlheh+PbhBYb9YLugnT2uY6Mwcg1o+Zg==",
      "license": "MIT",
      "dependencies": {
        "@whatwg-node/promise-helpers": "^1.0.0",
        "tslib": "^2.5.0"
      },
      "engines": {
        "node": ">=18.0.0"
      }
    },
    "node_modules/@fastify/busboy": {
      "version": "3.2.0",
      "resolved": "https://registry.npmjs.org/@fastify/busboy/-/busboy-3.2.0.tgz",
      "integrity": "sha512-m9FVDXU3GT2ITSe0UaMA5rU3QkfC/UXtCU8y0gSN/GugTqtVldOBWIB5V6V3sbmenVZUIpU6f+mPEO2+m5iTaA==",
      "license": "MIT"
    },
    "node_modules/@graphql-hive/logger": {
      "version": "1.0.8",
      "resolved": "https://registry.npmjs.org/@graphql-hive/logger/-/logger-1.0.8.tgz",
      "integrity": "sha512-dItLm/uu1CwlsnuxuLASrs32FQqQnIJbuitvQ3VuT0o9tFAAJ6ae14CVfX+64B8oWlWfwTc+cJTJJArCnrS3FQ==",
      "license": "MIT",
      "engines": {
        "node": ">=20.0.0"
      },
      "peerDependencies": {
        "@logtape/logtape": "^1.1.2",
        "pino": "^9.13.0 || ^10.0.0"
      },
      "peerDependenciesMeta": {
        "@logtape/logtape": {
          "optional": true
        },
        "pino": {
          "optional": true
        },
        "winston": {
          "optional": true
        }
      }
    },
    "node_modules/@graphql-hive/pubsub": {
      "version": "2.1.1",
      "resolved": "https://registry.npmjs.org/@graphql-hive/pubsub/-/pubsub-2.1.1.tgz",
      "integrity": "sha512-00Hqz3eA/EZZgwU38bAjFA5FUzD5GRfJqMux/gzrExLemJOJjX6CoFFhZQ3a0JDAJZUryIKvMA9PQNtMKrLUGw==",
      "license": "MIT",
      "dependencies": {
        "@repeaterjs/repeater": "^3.0.6",
        "@whatwg-node/disposablestack": "^0.0.6",
        "@whatwg-node/promise-helpers": "^1.3.2"
      },
      "engines": {
        "node": ">=20.0.0"
      },
      "peerDependencies": {
        "@nats-io/nats-core": "^3",
        "ioredis": "^5"
      },
      "peerDependenciesMeta": {
        "@nats-io/nats-core": {
          "optional": true
        },
        "ioredis": {
          "optional": true
        }
      }
    },
    "node_modules/@graphql-hive/signal": {
      "version": "2.0.0",
      "resolved": "https://registry.npmjs.org/@graphql-hive/signal/-/signal-2.0.0.tgz",
      "integrity": "sha512-Pz8wB3K0iU6ae9S1fWfsmJX24CcGeTo6hE7T44ucmV/ALKRj+bxClmqrYcDT7v3f0d12Rh4FAXBb6gon+WkDpQ==",
      "license": "MIT",
      "engines": {
        "node": ">=20.0.0"
      }
    },
    "node_modules/@graphql-mesh/cross-helpers": {
      "version": "0.4.10",
      "resolved": "https://registry.npmjs.org/@graphql-mesh/cross-helpers/-/cross-helpers-0.4.10.tgz",
      "integrity": "sha512-7xmYM4P3UCmhx1pqU3DY4xWNydMBSXdzlHJ2wQPoM/s+l7tuWhxdtvmFmy12VkvZYtMAHkCpYvQokscWctUyrA==",
      "license": "MIT",
      "dependencies": {
        "@graphql-tools/utils": "^10.8.0",
        "path-browserify": "1.0.1"
      },
      "engines": {
        "node": ">=16.0.0"
      },
      "peerDependencies": {
        "graphql": "*"
      }
    },
    "node_modules/@graphql-mesh/string-interpolation": {
      "version": "0.5.9",
      "resolved": "https://registry.npmjs.org/@graphql-mesh/string-interpolation/-/string-interpolation-0.5.9.tgz",
      "integrity": "sha512-UHDsee3a9hBctZjB56B6sajxWFX56lLPlhtEYrQ06xq3gyFpb9bD45xi69ltPxbpHXmZrmNNDNLb/Ft173JQfg==",
      "license": "MIT",
      "dependencies": {
        "dayjs": "1.11.18",
        "json-pointer": "0.6.2",
        "lodash.get": "4.4.2",
        "tslib": "^2.4.0"
      },
      "engines": {
        "node": ">=16.0.0"
      },
      "peerDependencies": {
        "graphql": "*"
      }
    },
    "node_modules/@graphql-mesh/transport-common": {
      "version": "1.0.11",
      "resolved": "https://registry.npmjs.org/@graphql-mesh/transport-common/-/transport-common-1.0.11.tgz",
      "integrity": "sha512-+/MddMOLyN1MumRH5rsaYHWwJWqsbyKqMoWYuqLeA8q/zHf3lSH2EK3TqcVVjMgz/yBMRV92wb198LYL16sCNg==",
      "license": "MIT",
      "dependencies": {
        "@envelop/core": "^5.4.0",
        "@graphql-hive/logger": "^1.0.8",
        "@graphql-hive/pubsub": "^2.1.1",
        "@graphql-hive/signal": "^2.0.0",
        "@graphql-mesh/types": "^0.104.16",
        "@graphql-tools/executor": "^1.4.11",
        "@graphql-tools/executor-common": "^1.0.4",
        "@graphql-tools/utils": "^10.10.1",
        "tslib": "^2.8.1"
      },
      "engines": {
        "node": ">=20.0.0"
      },
      "peerDependencies": {
        "graphql": "^15.9.0 || ^16.9.0"
      }
    },
    "node_modules/@graphql-mesh/transport-http": {
      "version": "1.0.11",
      "resolved": "https://registry.npmjs.org/@graphql-mesh/transport-http/-/transport-http-1.0.11.tgz",
      "integrity": "sha512-beHJ2eUfkQ8BzgaK7RJdTp8NBriF8RD3xGB/JXY0D28gq1oyZpYw+IhPUszBCCGikPobLW5WwQtdlBUsbZarsA==",
      "license": "MIT",
      "dependencies": {
        "@graphql-mesh/cross-helpers": "^0.4.10",
        "@graphql-mesh/string-interpolation": "^0.5.9",
        "@graphql-mesh/transport-common": "^1.0.11",
        "@graphql-mesh/types": "^0.104.16",
        "@graphql-mesh/utils": "^0.104.16",
        "@graphql-tools/executor-http": "^3.0.6",
        "@graphql-tools/utils": "^10.10.1",
        "@whatwg-node/promise-helpers": "^1.3.2",
        "tslib": "^2.8.1"
      },
      "engines": {
        "node": ">=20.0.0"
      },
      "peerDependencies": {
        "graphql": "^15.9.0 || ^16.9.0"
      }
    },
    "node_modules/@graphql-mesh/types": {
      "version": "0.104.16",
      "resolved": "https://registry.npmjs.org/@graphql-mesh/types/-/types-0.104.16.tgz",
      "integrity": "sha512-oYej+bLrxoftXZUwzag2Kdpd7bfOwJalfBpST56ol+zAlys/86S9vviEuyy6y3GDUL4ntyBAfpxmjJkPQROtOw==",
      "license": "MIT",
      "dependencies": {
        "@graphql-hive/pubsub": "^2.1.1",
        "@graphql-tools/batch-delegate": "^10.0.0",
        "@graphql-tools/delegate": "^11.0.0",
        "@graphql-tools/utils": "^10.8.0",
        "@graphql-typed-document-node/core": "^3.2.0",
        "@repeaterjs/repeater": "^3.0.6",
        "@whatwg-node/disposablestack": "^0.0.6",
        "tslib": "^2.4.0"
      },
      "engines": {
        "node": ">=16.0.0"
      },
      "peerDependencies": {
        "graphql": "*"
      }
    },
    "node_modules/@graphql-mesh/utils": {
      "version": "0.104.16",
      "resolved": "https://registry.npmjs.org/@graphql-mesh/utils/-/utils-0.104.16.tgz",
      "integrity": "sha512-EITT4WfQjGrO6iTIQYcVs6tELTaL9d7dZIWV3/0c8SOECcGS9bzB5aGJtxJ74Qc8TpwpgCwJSxXny6FG90ThpQ==",
      "license": "MIT",
      "dependencies": {
        "@envelop/instrumentation": "^1.0.0",
        "@graphql-mesh/cross-helpers": "^0.4.10",
        "@graphql-mesh/string-interpolation": "^0.5.9",
        "@graphql-mesh/types": "^0.104.16",
        "@graphql-tools/batch-delegate": "^10.0.0",
        "@graphql-tools/delegate": "^11.0.0",
        "@graphql-tools/utils": "^10.8.0",
        "@graphql-tools/wrap": "^11.0.0",
        "@whatwg-node/disposablestack": "^0.0.6",
        "@whatwg-node/fetch": "^0.10.6",
        "@whatwg-node/promise-helpers": "^1.2.0",
        "dset": "^3.1.2",
        "js-yaml": "^4.1.0",
        "lodash.get": "^4.4.2",
        "lodash.topath": "^4.5.2",
        "tiny-lru": "^11.0.0",
        "tslib": "^2.4.0"
      },
      "engines": {
        "node": ">=16.0.0"
      },
      "peerDependencies": {
        "graphql": "*"
      }
    },
    "node_modules/@graphql-tools/batch-delegate": {
      "version": "10.0.4",
      "resolved": "https://registry.npmjs.org/@graphql-tools/batch-delegate/-/batch-delegate-10.0.4.tgz",
      "integrity": "sha512-XsRWUDa68Gctc+T1TEDpCp2PeIr0ah5PgbbGF619+hM1CYz+Dj/jxmalwb2osPUG8ecLvXJrqAI+0MBKzw6EnA==",
      "license": "MIT",
      "dependencies": {
        "@graphql-tools/delegate": "^11.1.2",
        "@graphql-tools/utils": "^10.10.1",
        "@whatwg-node/promise-helpers": "^1.3.2",
        "dataloader": "^2.2.3",
        "tslib": "^2.8.1"
      },
      "engines": {
        "node": ">=20.0.0"
      },
      "peerDependencies": {
        "graphql": "^14.0.0 || ^15.0.0 || ^16.0.0 || ^17.0.0"
      }
    },
    "node_modules/@graphql-tools/batch-execute": {
      "version": "10.0.3",
      "resolved": "https://registry.npmjs.org/@graphql-tools/batch-execute/-/batch-execute-10.0.3.tgz",
      "integrity": "sha512-QH9tKbBQcLeSToXufGKRKWZUpVFJ+gRzJ8wSjz0amQXxpHiF8sEAIJKy9CmgRfnhvt31BjOMTr1sUS4xbhj7lw==",
      "license": "MIT",
      "dependencies": {
        "@graphql-tools/utils": "^10.10.1",
        "@whatwg-node/promise-helpers": "^1.3.2",
        "dataloader": "^2.2.3",
        "tslib": "^2.8.1"
      },
      "engines": {
        "node": ">=20.0.0"
      },
      "peerDependencies": {
        "graphql": "^14.0.0 || ^15.0.0 || ^16.0.0 || ^17.0.0"
      }
    },
    "node_modules/@graphql-tools/delegate": {
      "version": "11.1.2",
      "resolved": "https://registry.npmjs.org/@graphql-tools/delegate/-/delegate-11.1.2.tgz",
      "integrity": "sha512-C6W4DM+z3nN7OkV08CAuBUmCW+etmfiKzlpx09oEGBWzw61eYQdKlqp1qqeKtYebELam9LkHTa1n8/rilv5PXw==",
      "license": "MIT",
      "dependencies": {
        "@graphql-tools/batch-execute": "^10.0.3",
        "@graphql-tools/executor": "^1.4.11",
        "@graphql-tools/schema": "^10.0.27",
        "@graphql-tools/utils": "^10.10.1",
        "@repeaterjs/repeater": "^3.0.6",
        "@whatwg-node/promise-helpers": "^1.3.2",
        "dataloader": "^2.2.3",
        "tslib": "^2.8.1"
      },
      "engines": {
        "node": ">=20.0.0"
      },
      "peerDependencies": {
        "graphql": "^14.0.0 || ^15.0.0 || ^16.0.0 || ^17.0.0"
      }
    },
    "node_modules/@graphql-tools/executor": {
      "version": "1.4.13",
      "resolved": "https://registry.npmjs.org/@graphql-tools/executor/-/executor-1.4.13.tgz",
      "integrity": "sha512-2hTSRfH2kb4ua0ANOV/K6xUoCZsHAE6igE1bimtWUK7v0bowPIxGRKRPpF8JLbImpsJuTCC4HGOCMy7otg3FIQ==",
      "license": "MIT",
      "dependencies": {
        "@graphql-tools/utils": "^10.10.3",
        "@graphql-typed-document-node/core": "^3.2.0",
        "@repeaterjs/repeater": "^3.0.4",
        "@whatwg-node/disposablestack": "^0.0.6",
        "@whatwg-node/promise-helpers": "^1.0.0",
        "tslib": "^2.4.0"
      },
      "engines": {
        "node": ">=16.0.0"
      },
      "peerDependencies": {
        "graphql": "^14.0.0 || ^15.0.0 || ^16.0.0 || ^17.0.0"
      }
    },
    "node_modules/@graphql-tools/executor-common": {
      "version": "1.0.4",
      "resolved": "https://registry.npmjs.org/@graphql-tools/executor-common/-/executor-common-1.0.4.tgz",
      "integrity": "sha512-EKkVjo1Fbx+qK5ZeI+KneeoGzk6HU6aL4E0bX4J3lfnjyaZVESbODCDS/9bBcrV1X2dEby9MfWqA6fkFodP+hw==",
      "license": "MIT",
      "dependencies": {
        "@envelop/core": "^5.4.0",
        "@graphql-tools/utils": "^10.10.1"
      },
      "engines": {
        "node": ">=20.0.0"
      },
      "peerDependencies": {
        "graphql": "^14.0.0 || ^15.0.0 || ^16.0.0 || ^17.0.0"
      }
    },
    "node_modules/@graphql-tools/executor-http": {
      "version": "3.0.6",
      "resolved": "https://registry.npmjs.org/@graphql-tools/executor-http/-/executor-http-3.0.6.tgz",
      "integrity": "sha512-gTcSdaJWbqYKg/aVQ/T+sIC6Isa4jjx+QhVMyawgivmdbLTg0UgsbR6g97eNVoxnRzFq/CuPSy71IHQeq8Q6iA==",
      "license": "MIT",
      "dependencies": {
        "@graphql-hive/signal": "^2.0.0",
        "@graphql-tools/executor-common": "^1.0.4",
        "@graphql-tools/utils": "^10.10.1",
        "@repeaterjs/repeater": "^3.0.4",
        "@whatwg-node/disposablestack": "^0.0.6",
        "@whatwg-node/fetch": "^0.10.12",
        "@whatwg-node/promise-helpers": "^1.3.2",
        "meros": "^1.3.2",
        "tslib": "^2.8.1"
      },
      "engines": {
        "node": ">=20.0.0"
      },
      "peerDependencies": {
        "graphql": "^14.0.0 || ^15.0.0 || ^16.0.0 || ^17.0.0"
      }
    },
    "node_modules/@graphql-tools/merge": {
      "version": "9.1.5",
      "resolved": "https://registry.npmjs.org/@graphql-tools/merge/-/merge-9.1.5.tgz",
      "integrity": "sha512-eVcir6nCcOC/Wzv7ZAng3xec3dj6FehE8+h9TvgvUyrDEKVMdFfrO6etRFZ2hucWVcY8S6drx7zQx04N4lPM8Q==",
      "license": "MIT",
      "dependencies": {
        "@graphql-tools/utils": "^10.10.3",
        "tslib": "^2.4.0"
      },
      "engines": {
        "node": ">=16.0.0"
      },
      "peerDependencies": {
        "graphql": "^14.0.0 || ^15.0.0 || ^16.0.0 || ^17.0.0"
      }
    },
    "node_modules/@graphql-tools/schema": {
      "version": "10.0.29",
      "resolved": "https://registry.npmjs.org/@graphql-tools/schema/-/schema-10.0.29.tgz",
      "integrity": "sha512-+Htiupnq6U/AWOEAJerIOGT1pAf4u43Q3n2JmFpqFfYJchz6sKWZ7L9Lpe/NusaaUQty/IOF+eQlNFypEaWxhg==",
      "license": "MIT",
      "dependencies": {
        "@graphql-tools/merge": "^9.1.5",
        "@graphql-tools/utils": "^10.10.3",
        "tslib": "^2.4.0"
      },
      "engines": {
        "node": ">=16.0.0"
      },
      "peerDependencies": {
        "graphql": "^14.0.0 || ^15.0.0 || ^16.0.0 || ^17.0.0"
      }
    },
    "node_modules/@graphql-tools/utils": {
      "version": "10.10.3",
      "resolved": "https://registry.npmjs.org/@graphql-tools/utils/-/utils-10.10.3.tgz",
      "integrity": "sha512-2EdYiefeLLxsoeZTukSNZJ0E/Z5NnWBUGK2VJa0DQj1scDhVd93HeT1eW9TszJOYmIh3eWAKLv58ri/1XUmdsQ==",
      "license": "MIT",
      "dependencies": {
        "@graphql-typed-document-node/core": "^3.1.1",
        "@whatwg-node/promise-helpers": "^1.0.0",
        "cross-inspect": "1.0.1",
        "tslib": "^2.4.0"
      },
      "engines": {
        "node": ">=16.0.0"
      },
      "peerDependencies": {
        "graphql": "^14.0.0 || ^15.0.0 || ^16.0.0 || ^17.0.0"
      }
    },
    "node_modules/@graphql-tools/wrap": {
      "version": "11.0.4",
      "resolved": "https://registry.npmjs.org/@graphql-tools/wrap/-/wrap-11.0.4.tgz",
      "integrity": "sha512-bX1X2QC1oFiH+1nTLhWVx4fp2xoXbDvL+eEiozuWCv7PeZoBs7EgklKZFtpWbcSdNA3L3EuA8JM6mf2jOG6/Sg==",
      "license": "MIT",
      "dependencies": {
        "@graphql-tools/delegate": "^11.1.2",
        "@graphql-tools/schema": "^10.0.27",
        "@graphql-tools/utils": "^10.10.1",
        "@whatwg-node/promise-helpers": "^1.3.2",
        "tslib": "^2.8.1"
      },
      "engines": {
        "node": ">=20.0.0"
      },
      "peerDependencies": {
        "graphql": "^14.0.0 || ^15.0.0 || ^16.0.0 || ^17.0.0"
      }
    },
    "node_modules/@graphql-typed-document-node/core": {
      "version": "3.2.0",
      "resolved": "https://registry.npmjs.org/@graphql-typed-document-node/core/-/core-3.2.0.tgz",
      "integrity": "sha512-mB9oAsNCm9aM3/SOv4YtBMqZbYj10R7dkq8byBqxGY/ncFwhf2oQzMV+LCRlWoDSEBJ3COiR1yeDvMtsoOsuFQ==",
      "license": "MIT",
      "peerDependencies": {
        "graphql": "^0.8.0 || ^0.9.0 || ^0.10.0 || ^0.11.0 || ^0.12.0 || ^0.13.0 || ^14.0.0 || ^15.0.0 || ^16.0.0 || ^17.0.0"
      }
    },
    "node_modules/@repeaterjs/repeater": {
      "version": "3.0.6",
      "resolved": "https://registry.npmjs.org/@repeaterjs/repeater/-/repeater-3.0.6.tgz",
      "integrity": "sha512-Javneu5lsuhwNCryN+pXH93VPQ8g0dBX7wItHFgYiwQmzE1sVdg5tWHiOgHywzL2W21XQopa7IwIEnNbmeUJYA==",
      "license": "MIT"
    },
    "node_modules/@whatwg-node/disposablestack": {
      "version": "0.0.6",
      "resolved": "https://registry.npmjs.org/@whatwg-node/disposablestack/-/disposablestack-0.0.6.tgz",
      "integrity": "sha512-LOtTn+JgJvX8WfBVJtF08TGrdjuFzGJc4mkP8EdDI8ADbvO7kiexYep1o8dwnt0okb0jYclCDXF13xU7Ge4zSw==",
      "license": "MIT",
      "dependencies": {
        "@whatwg-node/promise-helpers": "^1.0.0",
        "tslib": "^2.6.3"
      },
      "engines": {
        "node": ">=18.0.0"
      }
    },
    "node_modules/@whatwg-node/fetch": {
      "version": "0.10.13",
      "resolved": "https://registry.npmjs.org/@whatwg-node/fetch/-/fetch-0.10.13.tgz",
      "integrity": "sha512-b4PhJ+zYj4357zwk4TTuF2nEe0vVtOrwdsrNo5hL+u1ojXNhh1FgJ6pg1jzDlwlT4oBdzfSwaBwMCtFCsIWg8Q==",
      "license": "MIT",
      "dependencies": {
        "@whatwg-node/node-fetch": "^0.8.3",
        "urlpattern-polyfill": "^10.0.0"
      },
      "engines": {
        "node": ">=18.0.0"
      }
    },
    "node_modules/@whatwg-node/node-fetch": {
      "version": "0.8.4",
      "resolved": "https://registry.npmjs.org/@whatwg-node/node-fetch/-/node-fetch-0.8.4.tgz",
      "integrity": "sha512-AlKLc57loGoyYlrzDbejB9EeR+pfdJdGzbYnkEuZaGekFboBwzfVYVMsy88PMriqPI1ORpiGYGgSSWpx7a2sDA==",
      "license": "MIT",
      "dependencies": {
        "@fastify/busboy": "^3.1.1",
        "@whatwg-node/disposablestack": "^0.0.6",
        "@whatwg-node/promise-helpers": "^1.3.2",
        "tslib": "^2.6.3"
      },
      "engines": {
        "node": ">=18.0.0"
      }
    },
    "node_modules/@whatwg-node/promise-helpers": {
      "version": "1.3.2",
      "resolved": "https://registry.npmjs.org/@whatwg-node/promise-helpers/-/promise-helpers-1.3.2.tgz",
      "integrity": "sha512-Nst5JdK47VIl9UcGwtv2Rcgyn5lWtZ0/mhRQ4G8NN2isxpq2TO30iqHzmwoJycjWuyUfg3GFXqP/gFHXeV57IA==",
      "license": "MIT",
      "dependencies": {
        "tslib": "^2.6.3"
      },
      "engines": {
        "node": ">=16.0.0"
      }
    },
    "node_modules/argparse": {
      "version": "2.0.1",
      "resolved": "https://registry.npmjs.org/argparse/-/argparse-2.0.1.tgz",
      "integrity": "sha512-8+9WqebbFzpX9OR+Wa6O29asIogeRMzcGtAINdpMHHyAg10f05aSFVBbcEqGf/PXw1EjAZ+q2/bEBg3DvurK3Q==",
      "license": "Python-2.0"
    },
    "node_modules/cross-inspect": {
      "version": "1.0.1",
      "resolved": "https://registry.npmjs.org/cross-inspect/-/cross-inspect-1.0.1.tgz",
      "integrity": "sha512-Pcw1JTvZLSJH83iiGWt6fRcT+BjZlCDRVwYLbUcHzv/CRpB7r0MlSrGbIyQvVSNyGnbt7G4AXuyCiDR3POvZ1A==",
      "license": "MIT",
      "dependencies": {
        "tslib": "^2.4.0"
      },
      "engines": {
        "node": ">=16.0.0"
      }
    },
    "node_modules/dataloader": {
      "version": "2.2.3",
      "resolved": "https://registry.npmjs.org/dataloader/-/dataloader-2.2.3.tgz",
      "integrity": "sha512-y2krtASINtPFS1rSDjacrFgn1dcUuoREVabwlOGOe4SdxenREqwjwjElAdwvbGM7kgZz9a3KVicWR7vcz8rnzA==",
      "license": "MIT"
    },
    "node_modules/dayjs": {
      "version": "1.11.18",
      "resolved": "https://registry.npmjs.org/dayjs/-/dayjs-1.11.18.tgz",
      "integrity": "sha512-zFBQ7WFRvVRhKcWoUh+ZA1g2HVgUbsZm9sbddh8EC5iv93sui8DVVz1Npvz+r6meo9VKfa8NyLWBsQK1VvIKPA==",
      "license": "MIT"
    },
    "node_modules/dset": {
      "version": "3.1.4",
      "resolved": "https://registry.npmjs.org/dset/-/dset-3.1.4.tgz",
      "integrity": "sha512-2QF/g9/zTaPDc3BjNcVTGoBbXBgYfMTTceLaYcFJ/W9kggFUkhxD/hMEeuLKbugyef9SqAx8cpgwlIP/jinUTA==",
      "license": "MIT",
      "engines": {
        "node": ">=4"
      }
    },
    "node_modules/foreach": {
      "version": "2.0.6",
      "resolved": "https://registry.npmjs.org/foreach/-/foreach-2.0.6.tgz",
      "integrity": "sha512-k6GAGDyqLe9JaebCsFCoudPPWfihKu8pylYXRlqP1J7ms39iPoTtk2fviNglIeQEwdh0bQeKJ01ZPyuyQvKzwg==",
      "license": "MIT"
    },
    "node_modules/graphql": {
      "version": "16.12.0",
      "resolved": "https://registry.npmjs.org/graphql/-/graphql-16.12.0.tgz",
      "integrity": "sha512-DKKrynuQRne0PNpEbzuEdHlYOMksHSUI8Zc9Unei5gTsMNA2/vMpoMz/yKba50pejK56qj98qM0SjYxAKi13gQ==",
      "license": "MIT",
      "peer": true,
      "engines": {
        "node": "^12.22.0 || ^14.16.0 || ^16.0.0 || >=17.0.0"
      }
    },
    "node_modules/js-yaml": {
      "version": "4.1.1",
      "resolved": "https://registry.npmjs.org/js-yaml/-/js-yaml-4.1.1.tgz",
      "integrity": "sha512-qQKT4zQxXl8lLwBtHMWwaTcGfFOZviOJet3Oy/xmGk2gZH677CJM9EvtfdSkgWcATZhj/55JZ0rmy3myCT5lsA==",
      "license": "MIT",
      "dependencies": {
        "argparse": "^2.0.1"
      },
      "bin": {
        "js-yaml": "bin/js-yaml.js"
      }
    },
    "node_modules/json-pointer": {
      "version": "0.6.2",
      "resolved": "https://registry.npmjs.org/json-pointer/-/json-pointer-0.6.2.tgz",
      "integrity": "sha512-vLWcKbOaXlO+jvRy4qNd+TI1QUPZzfJj1tpJ3vAXDych5XJf93ftpUKe5pKCrzyIIwgBJcOcCVRUfqQP25afBw==",
      "license": "MIT",
      "dependencies": {
        "foreach": "^2.0.4"
      }
    },
    "node_modules/lodash.get": {
      "version": "4.4.2",
      "resolved": "https://registry.npmjs.org/lodash.get/-/lodash.get-4.4.2.tgz",
      "integrity": "sha512-z+Uw/vLuy6gQe8cfaFWD7p0wVv8fJl3mbzXh33RS+0oW2wvUqiRXiQ69gLWSLpgB5/6sU+r6BlQR0MBILadqTQ==",
      "deprecated": "This package is deprecated. Use the optional chaining (?.) operator instead.",
      "license": "MIT"
    },
    "node_modules/lodash.topath": {
      "version": "4.5.2",
      "resolved": "https://registry.npmjs.org/lodash.topath/-/lodash.topath-4.5.2.tgz",
      "integrity": "sha512-1/W4dM+35DwvE/iEd1M9ekewOSTlpFekhw9mhAtrwjVqUr83/ilQiyAvmg4tVX7Unkcfl1KC+i9WdaT4B6aQcg==",
      "license": "MIT"
    },
    "node_modules/meros": {
      "version": "1.3.2",
      "resolved": "https://registry.npmjs.org/meros/-/meros-1.3.2.tgz",
      "integrity": "sha512-Q3mobPbvEx7XbwhnC1J1r60+5H6EZyNccdzSz0eGexJRwouUtTZxPVRGdqKtxlpD84ScK4+tIGldkqDtCKdI0A==",
      "license": "MIT",
      "engines": {
        "node": ">=13"
      },
      "peerDependencies": {
        "@types/node": ">=13"
      },
      "peerDependenciesMeta": {
        "@types/node": {
          "optional": true
        }
      }
    },
    "node_modules/path-browserify": {
      "version": "1.0.1",
      "resolved": "https://registry.npmjs.org/path-browserify/-/path-browserify-1.0.1.tgz",
      "integrity": "sha512-b7uo2UCUOYZcnF/3ID0lulOJi/bafxa1xPe7ZPsammBSpjSWQkjNxlt635YGS2MiR9GjvuXCtz2emr3jbsz98g==",
      "license": "MIT"
    },
    "node_modules/tiny-lru": {
      "version": "11.4.5",
      "resolved": "https://registry.npmjs.org/tiny-lru/-/tiny-lru-11.4.5.tgz",
      "integrity": "sha512-hkcz3FjNJfKXjV4mjQ1OrXSLAehg8Hw+cEZclOVT+5c/cWQWImQ9wolzTjth+dmmDe++p3bme3fTxz6Q4Etsqw==",
      "license": "BSD-3-Clause",
      "engines": {
        "node": ">=12"
      }
    },
    "node_modules/tslib": {
      "version": "2.8.1",
      "resolved": "https://registry.npmjs.org/tslib/-/tslib-2.8.1.tgz",
      "integrity": "sha512-oJFu94HQb+KVduSUQL7wnpmqnfmLsOA/nAh6b6EH0wCEoK0/mPeXU6c3wKDV83MkOuHPRHtSXKKU99IBazS/2w==",
      "license": "0BSD"
    },
    "node_modules/urlpattern-polyfill": {
      "version": "10.1.0",
      "resolved": "https://registry.npmjs.org/urlpattern-polyfill/-/urlpattern-polyfill-10.1.0.tgz",
      "integrity": "sha512-IGjKp/o0NL3Bso1PymYURCJxMPNAf/ILOpendP9f5B6e1rTJgdgiOvgfoT8VxCAdY+Wisb9uhGaJJf3yZ2V9nw==",
      "license": "MIT"
    }
  }
}
